
Microsoft Visual Studio Solution File, Format Version 12.00
# Visual Studio 15
VisualStudioVersion = 15.0.28010.2026
MinimumVisualStudioVersion = 10.0.40219.1
Project("{FAE04EC0-301F-11D3-BF4B-00C04F79EFBC}") = "Gestionevaluation", "Gestionevaluation\Gestionevaluation.csproj", "{FC9319CD-BA83-44F5-9F47-B7F975B47C45}"
EndProject
Global
	GlobalSection(SolutionConfigurationPlatforms) = preSolution
		Debug|Any CPU = Debug|Any CPU
		Release|Any CPU = Release|Any CPU
	EndGlobalSection
	GlobalSection(ProjectConfigurationPlatforms) = postSolution
		{FC9319CD-BA83-44F5-9F47-B7F975B47C45}.Debug|Any CPU.ActiveCfg = Debug|Any CPU
		{FC9319CD-BA83-44F5-9F47-B7F975B47C45}.Debug|Any CPU.Build.0 = Debug|Any CPU
		{FC9319CD-BA83-44F5-9F47-B7F975B47C45}.Release|Any CPU.ActiveCfg = Release|Any CPU
		{FC9319CD-BA83-44F5-9F47-B7F975B47C45}.Release|Any CPU.Build.0 = Release|Any CPU
	EndGlobalSection
	GlobalSection(SolutionProperties) = preSolution
		HideSolutionNode = FALSE
	EndGlobalSection
	GlobalSection(ExtensibilityGlobals) = postSolution
		SolutionGuid = {383E1D45-FDE5-45DD-8A4E-EC87069EFBAD}
	EndGlobalSection
EndGlobal
