
Microsoft Visual Studio Solution File, Format Version 12.00
# Visual Studio 15
VisualStudioVersion = 15.0.28010.2026
MinimumVisualStudioVersion = 10.0.40219.1
Project("{FAE04EC0-301F-11D3-BF4B-00C04F79EFBC}") = "Program", "Program\Program.csproj", "{8D183107-6E2C-4599-9049-A6B9D4391C65}"
EndProject
Project("{FAE04EC0-301F-11D3-BF4B-00C04F79EFBC}") = "Adder", "Adder\Adder.csproj", "{7587E5DB-9E5C-45BE-AFE4-C7737DD5E777}"
EndProject
Project("{FAE04EC0-301F-11D3-BF4B-00C04F79EFBC}") = "Computer", "Computer\Computer.csproj", "{A6EBE9F7-D9DC-449B-B6C1-EC5F2C30FD6A}"
EndProject
Project("{FAE04EC0-301F-11D3-BF4B-00C04F79EFBC}") = "Multiplier", "Multiplier\Multiplier.csproj", "{27BB4D09-F7D2-457E-81F6-3585952817E0}"
EndProject
Global
	GlobalSection(SolutionConfigurationPlatforms) = preSolution
		Debug|Any CPU = Debug|Any CPU
		Release|Any CPU = Release|Any CPU
	EndGlobalSection
	GlobalSection(ProjectConfigurationPlatforms) = postSolution
		{8D183107-6E2C-4599-9049-A6B9D4391C65}.Debug|Any CPU.ActiveCfg = Debug|Any CPU
		{8D183107-6E2C-4599-9049-A6B9D4391C65}.Debug|Any CPU.Build.0 = Debug|Any CPU
		{8D183107-6E2C-4599-9049-A6B9D4391C65}.Release|Any CPU.ActiveCfg = Release|Any CPU
		{8D183107-6E2C-4599-9049-A6B9D4391C65}.Release|Any CPU.Build.0 = Release|Any CPU
		{7587E5DB-9E5C-45BE-AFE4-C7737DD5E777}.Debug|Any CPU.ActiveCfg = Debug|Any CPU
		{7587E5DB-9E5C-45BE-AFE4-C7737DD5E777}.Debug|Any CPU.Build.0 = Debug|Any CPU
		{7587E5DB-9E5C-45BE-AFE4-C7737DD5E777}.Release|Any CPU.ActiveCfg = Release|Any CPU
		{7587E5DB-9E5C-45BE-AFE4-C7737DD5E777}.Release|Any CPU.Build.0 = Release|Any CPU
		{A6EBE9F7-D9DC-449B-B6C1-EC5F2C30FD6A}.Debug|Any CPU.ActiveCfg = Debug|Any CPU
		{A6EBE9F7-D9DC-449B-B6C1-EC5F2C30FD6A}.Debug|Any CPU.Build.0 = Debug|Any CPU
		{A6EBE9F7-D9DC-449B-B6C1-EC5F2C30FD6A}.Release|Any CPU.ActiveCfg = Release|Any CPU
		{A6EBE9F7-D9DC-449B-B6C1-EC5F2C30FD6A}.Release|Any CPU.Build.0 = Release|Any CPU
		{27BB4D09-F7D2-457E-81F6-3585952817E0}.Debug|Any CPU.ActiveCfg = Debug|Any CPU
		{27BB4D09-F7D2-457E-81F6-3585952817E0}.Debug|Any CPU.Build.0 = Debug|Any CPU
		{27BB4D09-F7D2-457E-81F6-3585952817E0}.Release|Any CPU.ActiveCfg = Release|Any CPU
		{27BB4D09-F7D2-457E-81F6-3585952817E0}.Release|Any CPU.Build.0 = Release|Any CPU
	EndGlobalSection
	GlobalSection(SolutionProperties) = preSolution
		HideSolutionNode = FALSE
	EndGlobalSection
	GlobalSection(ExtensibilityGlobals) = postSolution
		SolutionGuid = {E9CAE61E-7394-47B6-9AAB-50EAB1C76726}
	EndGlobalSection
EndGlobal
